{
  "_meta": {
    "hash": {
      "sha256": "654452851fea1eb2c8811649e5efe8873c8ff51f5c14dd27a4a8ebb5b15a27c4"
    },
    "pipfile-spec": 6,
    "requires": {
      "python_full_version": "3.12.0"
    },
    "sources": [
      {
        "name": "pypi",
        "url": "https://pypi.org/simple",
        "verify_ssl": true
      }
    ]
  },
  "default": {
    "docopt": {
      "hashes": [
        "sha256:49b3a825280bd66b3aa83585ef59c4a8c82f2c8a522dbe754a8bc8d08c85c491"
      ],
      "version": "==0.6.2"
    },
    "example": {
      "file": "https://github.com/cisagov/skeleton-python-library/archive/v0.0.1.tar.gz"
    },
    "setuptools": {
      "hashes": [
        "sha256:02fa291a0471b3a18b2b2481ed902af520c69e8ae0919c13da936542754b4c56",
        "sha256:5c0806c7d9af348e6dd3777b4f4dbb42c7ad85b190104837488eab9a7c945cf8"
      ],
      "markers": "python_version >= '3.8'",
      "version": "==69.1.1"
    }
  },
  "develop": {}
}
